
Microsoft Visual Studio Solution File, Format Version 12.00
# Visual Studio Version 16
VisualStudioVersion = 16.0.31019.35
MinimumVisualStudioVersion = 10.0.40219.1
Project("{FAE04EC0-301F-11D3-BF4B-00C04F79EFBC}") = "EX_9A", "EX_9A.csproj", "{26007B9B-3A22-4CC0-AA49-45DA928E0DDA}"
EndProject
Global
	GlobalSection(SolutionConfigurationPlatforms) = preSolution
		Debug|Any CPU = Debug|Any CPU
		Release|Any CPU = Release|Any CPU
	EndGlobalSection
	GlobalSection(ProjectConfigurationPlatforms) = postSolution
		{26007B9B-3A22-4CC0-AA49-45DA928E0DDA}.Debug|Any CPU.ActiveCfg = Debug|Any CPU
		{26007B9B-3A22-4CC0-AA49-45DA928E0DDA}.Debug|Any CPU.Build.0 = Debug|Any CPU
		{26007B9B-3A22-4CC0-AA49-45DA928E0DDA}.Release|Any CPU.ActiveCfg = Release|Any CPU
		{26007B9B-3A22-4CC0-AA49-45DA928E0DDA}.Release|Any CPU.Build.0 = Release|Any CPU
	EndGlobalSection
	GlobalSection(SolutionProperties) = preSolution
		HideSolutionNode = FALSE
	EndGlobalSection
	GlobalSection(ExtensibilityGlobals) = postSolution
		SolutionGuid = {E3695459-0BA5-4736-B23F-08AAF8405BC5}
	EndGlobalSection
EndGlobal
